
Microsoft Visual Studio Solution File, Format Version 12.00
# Visual Studio 15
VisualStudioVersion = 15.0.26124.0
MinimumVisualStudioVersion = 15.0.26124.0
Project("{9A19103F-16F7-4668-BE54-9A1E7A4F7556}") = "GSDK_CSharp_Standard", "GSDK_CSharp_Standard\GSDK_CSharp_Standard.csproj", "{970425EE-E9B1-4AE2-876E-CA663EC6F486}"
EndProject
Project("{9A19103F-16F7-4668-BE54-9A1E7A4F7556}") = "Tests", "Tests\Tests.csproj", "{7E530106-A3EA-4591-B3CC-3D76AB498F44}"
EndProject
Project("{FAE04EC0-301F-11D3-BF4B-00C04F79EFBC}") = "WindowsTestAppCSharp", "WindowsTestAppCSharp\WindowsTestAppCSharp.csproj", "{0C30592C-634D-4F68-BBEE-724113720FD1}"
EndProject
Global
	GlobalSection(SolutionConfigurationPlatforms) = preSolution
		Debug|Any CPU = Debug|Any CPU
		Debug|x64 = Debug|x64
		Debug|x86 = Debug|x86
		Release|Any CPU = Release|Any CPU
		Release|x64 = Release|x64
		Release|x86 = Release|x86
	EndGlobalSection
	GlobalSection(ProjectConfigurationPlatforms) = postSolution
		{970425EE-E9B1-4AE2-876E-CA663EC6F486}.Debug|Any CPU.ActiveCfg = Debug|Any CPU
		{970425EE-E9B1-4AE2-876E-CA663EC6F486}.Debug|Any CPU.Build.0 = Debug|Any CPU
		{970425EE-E9B1-4AE2-876E-CA663EC6F486}.Debug|x64.ActiveCfg = Debug|Any CPU
		{970425EE-E9B1-4AE2-876E-CA663EC6F486}.Debug|x64.Build.0 = Debug|Any CPU
		{970425EE-E9B1-4AE2-876E-CA663EC6F486}.Debug|x86.ActiveCfg = Debug|Any CPU
		{970425EE-E9B1-4AE2-876E-CA663EC6F486}.Debug|x86.Build.0 = Debug|Any CPU
		{970425EE-E9B1-4AE2-876E-CA663EC6F486}.Release|Any CPU.ActiveCfg = Release|Any CPU
		{970425EE-E9B1-4AE2-876E-CA663EC6F486}.Release|Any CPU.Build.0 = Release|Any CPU
		{970425EE-E9B1-4AE2-876E-CA663EC6F486}.Release|x64.ActiveCfg = Release|Any CPU
		{970425EE-E9B1-4AE2-876E-CA663EC6F486}.Release|x64.Build.0 = Release|Any CPU
		{970425EE-E9B1-4AE2-876E-CA663EC6F486}.Release|x86.ActiveCfg = Release|Any CPU
		{970425EE-E9B1-4AE2-876E-CA663EC6F486}.Release|x86.Build.0 = Release|Any CPU
		{7E530106-A3EA-4591-B3CC-3D76AB498F44}.Debug|Any CPU.ActiveCfg = Debug|Any CPU
		{7E530106-A3EA-4591-B3CC-3D76AB498F44}.Debug|Any CPU.Build.0 = Debug|Any CPU
		{7E530106-A3EA-4591-B3CC-3D76AB498F44}.Debug|x64.ActiveCfg = Debug|Any CPU
		{7E530106-A3EA-4591-B3CC-3D76AB498F44}.Debug|x64.Build.0 = Debug|Any CPU
		{7E530106-A3EA-4591-B3CC-3D76AB498F44}.Debug|x86.ActiveCfg = Debug|Any CPU
		{7E530106-A3EA-4591-B3CC-3D76AB498F44}.Debug|x86.Build.0 = Debug|Any CPU
		{7E530106-A3EA-4591-B3CC-3D76AB498F44}.Release|Any CPU.ActiveCfg = Release|Any CPU
		{7E530106-A3EA-4591-B3CC-3D76AB498F44}.Release|Any CPU.Build.0 = Release|Any CPU
		{7E530106-A3EA-4591-B3CC-3D76AB498F44}.Release|x64.ActiveCfg = Release|Any CPU
		{7E530106-A3EA-4591-B3CC-3D76AB498F44}.Release|x64.Build.0 = Release|Any CPU
		{7E530106-A3EA-4591-B3CC-3D76AB498F44}.Release|x86.ActiveCfg = Release|Any CPU
		{7E530106-A3EA-4591-B3CC-3D76AB498F44}.Release|x86.Build.0 = Release|Any CPU
		{0C30592C-634D-4F68-BBEE-724113720FD1}.Debug|Any CPU.ActiveCfg = Debug|Any CPU
		{0C30592C-634D-4F68-BBEE-724113720FD1}.Debug|Any CPU.Build.0 = Debug|Any CPU
		{0C30592C-634D-4F68-BBEE-724113720FD1}.Debug|x64.ActiveCfg = Debug|Any CPU
		{0C30592C-634D-4F68-BBEE-724113720FD1}.Debug|x64.Build.0 = Debug|Any CPU
		{0C30592C-634D-4F68-BBEE-724113720FD1}.Debug|x86.ActiveCfg = Debug|Any CPU
		{0C30592C-634D-4F68-BBEE-724113720FD1}.Debug|x86.Build.0 = Debug|Any CPU
		{0C30592C-634D-4F68-BBEE-724113720FD1}.Release|Any CPU.ActiveCfg = Release|Any CPU
		{0C30592C-634D-4F68-BBEE-724113720FD1}.Release|Any CPU.Build.0 = Release|Any CPU
		{0C30592C-634D-4F68-BBEE-724113720FD1}.Release|x64.ActiveCfg = Release|Any CPU
		{0C30592C-634D-4F68-BBEE-724113720FD1}.Release|x64.Build.0 = Release|Any CPU
		{0C30592C-634D-4F68-BBEE-724113720FD1}.Release|x86.ActiveCfg = Release|Any CPU
		{0C30592C-634D-4F68-BBEE-724113720FD1}.Release|x86.Build.0 = Release|Any CPU
	EndGlobalSection
	GlobalSection(SolutionProperties) = preSolution
		HideSolutionNode = FALSE
	EndGlobalSection
	GlobalSection(ExtensibilityGlobals) = postSolution
		SolutionGuid = {18BFA131-3E4D-4266-A60E-B2F307A5B2EA}
	EndGlobalSection
EndGlobal
