
Microsoft Visual Studio Solution File, Format Version 12.00
# Visual Studio 15
VisualStudioVersion = 15.0.27130.2027
MinimumVisualStudioVersion = 10.0.40219.1
Project("{FAE04EC0-301F-11D3-BF4B-00C04F79EFBC}") = "GSDK_CSharp_Windows", "csharpsdk\GSDK_CSharp_Windows.csproj", "{2B0DF36E-CECF-4DC2-8873-AEC51896C88D}"
	ProjectSection(ProjectDependencies) = postProject
		{4F038EE5-A869-4FAB-87ED-43BBD23E0375} = {4F038EE5-A869-4FAB-87ED-43BBD23E0375}
	EndProjectSection
EndProject
Project("{FAE04EC0-301F-11D3-BF4B-00C04F79EFBC}") = "csWindowsTestApp", "testapps\csWindowsTestApp\csWindowsTestApp.csproj", "{5DE3BF58-AB02-41DD-B8D0-CB2A6ADFC62E}"
EndProject
Project("{8BC9CEB8-8B4A-11D0-8D11-00A0C91BC942}") = "GSDK_CPP_CSharpWrapper", "wrappers\GSDK_CSharp_Wrapper.vcxproj", "{4F038EE5-A869-4FAB-87ED-43BBD23E0375}"
EndProject
Project("{FAE04EC0-301F-11D3-BF4B-00C04F79EFBC}") = "csWindowsRunnerGame", "testapps\csWindowsRunnerGame\csWindowsRunnerGame.csproj", "{4E21CD8C-3831-4BD4-B6A9-AF88112C0E00}"
EndProject
Project("{8BC9CEB8-8B4A-11D0-8D11-00A0C91BC942}") = "cppLinuxTestApp", "testapps\cppLinuxTestApp\cppLinuxTestApp.vcxproj", "{521C0810-6512-47EE-9142-92445DC35912}"
EndProject
Project("{8BC9CEB8-8B4A-11D0-8D11-00A0C91BC942}") = "GSDK_CPP_Linux", "cppsdk\GSDK_CPP_Linux.vcxproj", "{F34F32A5-802C-4ABF-9E17-DC009E02DF97}"
EndProject
Project("{8BC9CEB8-8B4A-11D0-8D11-00A0C91BC942}") = "GSDK_CPP_Windows", "cppsdk\GSDK_CPP_Windows.vcxproj", "{92F6EC5F-B66C-4572-A74D-79329AFF3129}"
EndProject
Project("{8BC9CEB8-8B4A-11D0-8D11-00A0C91BC942}") = "cppWindowsTestApp", "testapps\cppWindowsTestApp\cppWindowsTestApp.vcxproj", "{3E4DF9A7-08A4-4188-9C86-B60605F3710B}"
	ProjectSection(ProjectDependencies) = postProject
		{92F6EC5F-B66C-4572-A74D-79329AFF3129} = {92F6EC5F-B66C-4572-A74D-79329AFF3129}
	EndProjectSection
EndProject
Project("{8BC9CEB8-8B4A-11D0-8D11-00A0C91BC942}") = "cppLinuxRunnerGame", "testapps\cppLinuxRunnerGame\cppLinuxTestRunnerGame.vcxproj", "{6DB826CB-A60D-4C0F-8626-CB45AC67844E}"
EndProject
Project("{8BC9CEB8-8B4A-11D0-8D11-00A0C91BC942}") = "GSDK_CPP_UnitTests", "unittests\GSDK_CPP_UnitTests.vcxproj", "{5D3FDED4-6F0B-4797-BDD8-43B4D9994A42}"
EndProject
Project("{8BC9CEB8-8B4A-11D0-8D11-00A0C91BC942}") = "cppWindowsLegacyGSDKRunnerGame", "testapps\cppWindowsLegacyGSDKRunnerGame\cppWindowsLegacyGSDKRunnerGame.vcxproj", "{A11046A5-CC01-46C0-8BF2-833E6498DAE2}"
EndProject
Global
	GlobalSection(SolutionConfigurationPlatforms) = preSolution
		Debug|Any CPU = Debug|Any CPU
		Debug|ARM = Debug|ARM
		Debug|x64 = Debug|x64
		Debug|x86 = Debug|x86
		DebugMT|Any CPU = DebugMT|Any CPU
		DebugMT|ARM = DebugMT|ARM
		DebugMT|x64 = DebugMT|x64
		DebugMT|x86 = DebugMT|x86
		DebugStatic|Any CPU = DebugStatic|Any CPU
		DebugStatic|ARM = DebugStatic|ARM
		DebugStatic|x64 = DebugStatic|x64
		DebugStatic|x86 = DebugStatic|x86
		Release|Any CPU = Release|Any CPU
		Release|ARM = Release|ARM
		Release|x64 = Release|x64
		Release|x86 = Release|x86
		ReleaseMT|Any CPU = ReleaseMT|Any CPU
		ReleaseMT|ARM = ReleaseMT|ARM
		ReleaseMT|x64 = ReleaseMT|x64
		ReleaseMT|x86 = ReleaseMT|x86
		ReleaseStatic|Any CPU = ReleaseStatic|Any CPU
		ReleaseStatic|ARM = ReleaseStatic|ARM
		ReleaseStatic|x64 = ReleaseStatic|x64
		ReleaseStatic|x86 = ReleaseStatic|x86
	EndGlobalSection
	GlobalSection(ProjectConfigurationPlatforms) = postSolution
		{2B0DF36E-CECF-4DC2-8873-AEC51896C88D}.Debug|Any CPU.ActiveCfg = Debug|Any CPU
		{2B0DF36E-CECF-4DC2-8873-AEC51896C88D}.Debug|ARM.ActiveCfg = Debug|Any CPU
		{2B0DF36E-CECF-4DC2-8873-AEC51896C88D}.Debug|ARM.Build.0 = Debug|Any CPU
		{2B0DF36E-CECF-4DC2-8873-AEC51896C88D}.Debug|x64.ActiveCfg = Debug|x64
		{2B0DF36E-CECF-4DC2-8873-AEC51896C88D}.Debug|x64.Build.0 = Debug|x64
		{2B0DF36E-CECF-4DC2-8873-AEC51896C88D}.Debug|x86.ActiveCfg = Debug|x86
		{2B0DF36E-CECF-4DC2-8873-AEC51896C88D}.Debug|x86.Build.0 = Debug|x86
		{2B0DF36E-CECF-4DC2-8873-AEC51896C88D}.DebugMT|Any CPU.ActiveCfg = Debug|Any CPU
		{2B0DF36E-CECF-4DC2-8873-AEC51896C88D}.DebugMT|Any CPU.Build.0 = Debug|Any CPU
		{2B0DF36E-CECF-4DC2-8873-AEC51896C88D}.DebugMT|ARM.ActiveCfg = Debug|Any CPU
		{2B0DF36E-CECF-4DC2-8873-AEC51896C88D}.DebugMT|ARM.Build.0 = Debug|Any CPU
		{2B0DF36E-CECF-4DC2-8873-AEC51896C88D}.DebugMT|x64.ActiveCfg = Debug|x64
		{2B0DF36E-CECF-4DC2-8873-AEC51896C88D}.DebugMT|x64.Build.0 = Debug|x64
		{2B0DF36E-CECF-4DC2-8873-AEC51896C88D}.DebugMT|x86.ActiveCfg = Debug|x86
		{2B0DF36E-CECF-4DC2-8873-AEC51896C88D}.DebugMT|x86.Build.0 = Debug|x86
		{2B0DF36E-CECF-4DC2-8873-AEC51896C88D}.DebugStatic|Any CPU.ActiveCfg = Debug|Any CPU
		{2B0DF36E-CECF-4DC2-8873-AEC51896C88D}.DebugStatic|Any CPU.Build.0 = Debug|Any CPU
		{2B0DF36E-CECF-4DC2-8873-AEC51896C88D}.DebugStatic|ARM.ActiveCfg = Debug|Any CPU
		{2B0DF36E-CECF-4DC2-8873-AEC51896C88D}.DebugStatic|ARM.Build.0 = Debug|Any CPU
		{2B0DF36E-CECF-4DC2-8873-AEC51896C88D}.DebugStatic|x64.ActiveCfg = Debug|x64
		{2B0DF36E-CECF-4DC2-8873-AEC51896C88D}.DebugStatic|x64.Build.0 = Debug|x64
		{2B0DF36E-CECF-4DC2-8873-AEC51896C88D}.DebugStatic|x86.ActiveCfg = Debug|x86
		{2B0DF36E-CECF-4DC2-8873-AEC51896C88D}.DebugStatic|x86.Build.0 = Debug|x86
		{2B0DF36E-CECF-4DC2-8873-AEC51896C88D}.Release|Any CPU.ActiveCfg = Release|Any CPU
		{2B0DF36E-CECF-4DC2-8873-AEC51896C88D}.Release|Any CPU.Build.0 = Release|Any CPU
		{2B0DF36E-CECF-4DC2-8873-AEC51896C88D}.Release|ARM.ActiveCfg = Release|Any CPU
		{2B0DF36E-CECF-4DC2-8873-AEC51896C88D}.Release|ARM.Build.0 = Release|Any CPU
		{2B0DF36E-CECF-4DC2-8873-AEC51896C88D}.Release|x64.ActiveCfg = Release|x64
		{2B0DF36E-CECF-4DC2-8873-AEC51896C88D}.Release|x64.Build.0 = Release|x64
		{2B0DF36E-CECF-4DC2-8873-AEC51896C88D}.Release|x86.ActiveCfg = Release|x86
		{2B0DF36E-CECF-4DC2-8873-AEC51896C88D}.Release|x86.Build.0 = Release|x86
		{2B0DF36E-CECF-4DC2-8873-AEC51896C88D}.ReleaseMT|Any CPU.ActiveCfg = Release|Any CPU
		{2B0DF36E-CECF-4DC2-8873-AEC51896C88D}.ReleaseMT|Any CPU.Build.0 = Release|Any CPU
		{2B0DF36E-CECF-4DC2-8873-AEC51896C88D}.ReleaseMT|ARM.ActiveCfg = Release|Any CPU
		{2B0DF36E-CECF-4DC2-8873-AEC51896C88D}.ReleaseMT|ARM.Build.0 = Release|Any CPU
		{2B0DF36E-CECF-4DC2-8873-AEC51896C88D}.ReleaseMT|x64.ActiveCfg = Release|x64
		{2B0DF36E-CECF-4DC2-8873-AEC51896C88D}.ReleaseMT|x64.Build.0 = Release|x64
		{2B0DF36E-CECF-4DC2-8873-AEC51896C88D}.ReleaseMT|x86.ActiveCfg = Release|x86
		{2B0DF36E-CECF-4DC2-8873-AEC51896C88D}.ReleaseMT|x86.Build.0 = Release|x86
		{2B0DF36E-CECF-4DC2-8873-AEC51896C88D}.ReleaseStatic|Any CPU.ActiveCfg = Release|Any CPU
		{2B0DF36E-CECF-4DC2-8873-AEC51896C88D}.ReleaseStatic|Any CPU.Build.0 = Release|Any CPU
		{2B0DF36E-CECF-4DC2-8873-AEC51896C88D}.ReleaseStatic|ARM.ActiveCfg = Release|Any CPU
		{2B0DF36E-CECF-4DC2-8873-AEC51896C88D}.ReleaseStatic|ARM.Build.0 = Release|Any CPU
		{2B0DF36E-CECF-4DC2-8873-AEC51896C88D}.ReleaseStatic|x64.ActiveCfg = Release|x64
		{2B0DF36E-CECF-4DC2-8873-AEC51896C88D}.ReleaseStatic|x64.Build.0 = Release|x64
		{2B0DF36E-CECF-4DC2-8873-AEC51896C88D}.ReleaseStatic|x86.ActiveCfg = Release|x86
		{2B0DF36E-CECF-4DC2-8873-AEC51896C88D}.ReleaseStatic|x86.Build.0 = Release|x86
		{5DE3BF58-AB02-41DD-B8D0-CB2A6ADFC62E}.Debug|Any CPU.ActiveCfg = Debug|Any CPU
		{5DE3BF58-AB02-41DD-B8D0-CB2A6ADFC62E}.Debug|ARM.ActiveCfg = Debug|Any CPU
		{5DE3BF58-AB02-41DD-B8D0-CB2A6ADFC62E}.Debug|ARM.Build.0 = Debug|Any CPU
		{5DE3BF58-AB02-41DD-B8D0-CB2A6ADFC62E}.Debug|x64.ActiveCfg = Debug|x64
		{5DE3BF58-AB02-41DD-B8D0-CB2A6ADFC62E}.Debug|x64.Build.0 = Debug|x64
		{5DE3BF58-AB02-41DD-B8D0-CB2A6ADFC62E}.Debug|x86.ActiveCfg = Debug|x86
		{5DE3BF58-AB02-41DD-B8D0-CB2A6ADFC62E}.Debug|x86.Build.0 = Debug|x86
		{5DE3BF58-AB02-41DD-B8D0-CB2A6ADFC62E}.DebugMT|Any CPU.ActiveCfg = Debug|Any CPU
		{5DE3BF58-AB02-41DD-B8D0-CB2A6ADFC62E}.DebugMT|Any CPU.Build.0 = Debug|Any CPU
		{5DE3BF58-AB02-41DD-B8D0-CB2A6ADFC62E}.DebugMT|ARM.ActiveCfg = Debug|Any CPU
		{5DE3BF58-AB02-41DD-B8D0-CB2A6ADFC62E}.DebugMT|ARM.Build.0 = Debug|Any CPU
		{5DE3BF58-AB02-41DD-B8D0-CB2A6ADFC62E}.DebugMT|x64.ActiveCfg = Debug|x64
		{5DE3BF58-AB02-41DD-B8D0-CB2A6ADFC62E}.DebugMT|x64.Build.0 = Debug|x64
		{5DE3BF58-AB02-41DD-B8D0-CB2A6ADFC62E}.DebugMT|x86.ActiveCfg = Debug|x86
		{5DE3BF58-AB02-41DD-B8D0-CB2A6ADFC62E}.DebugMT|x86.Build.0 = Debug|x86
		{5DE3BF58-AB02-41DD-B8D0-CB2A6ADFC62E}.DebugStatic|Any CPU.ActiveCfg = Debug|Any CPU
		{5DE3BF58-AB02-41DD-B8D0-CB2A6ADFC62E}.DebugStatic|Any CPU.Build.0 = Debug|Any CPU
		{5DE3BF58-AB02-41DD-B8D0-CB2A6ADFC62E}.DebugStatic|ARM.ActiveCfg = Debug|Any CPU
		{5DE3BF58-AB02-41DD-B8D0-CB2A6ADFC62E}.DebugStatic|ARM.Build.0 = Debug|Any CPU
		{5DE3BF58-AB02-41DD-B8D0-CB2A6ADFC62E}.DebugStatic|x64.ActiveCfg = Debug|x64
		{5DE3BF58-AB02-41DD-B8D0-CB2A6ADFC62E}.DebugStatic|x64.Build.0 = Debug|x64
		{5DE3BF58-AB02-41DD-B8D0-CB2A6ADFC62E}.DebugStatic|x86.ActiveCfg = Debug|x86
		{5DE3BF58-AB02-41DD-B8D0-CB2A6ADFC62E}.DebugStatic|x86.Build.0 = Debug|x86
		{5DE3BF58-AB02-41DD-B8D0-CB2A6ADFC62E}.Release|Any CPU.ActiveCfg = Release|Any CPU
		{5DE3BF58-AB02-41DD-B8D0-CB2A6ADFC62E}.Release|Any CPU.Build.0 = Release|Any CPU
		{5DE3BF58-AB02-41DD-B8D0-CB2A6ADFC62E}.Release|ARM.ActiveCfg = Release|Any CPU
		{5DE3BF58-AB02-41DD-B8D0-CB2A6ADFC62E}.Release|ARM.Build.0 = Release|Any CPU
		{5DE3BF58-AB02-41DD-B8D0-CB2A6ADFC62E}.Release|x64.ActiveCfg = Release|x64
		{5DE3BF58-AB02-41DD-B8D0-CB2A6ADFC62E}.Release|x64.Build.0 = Release|x64
		{5DE3BF58-AB02-41DD-B8D0-CB2A6ADFC62E}.Release|x86.ActiveCfg = Release|x86
		{5DE3BF58-AB02-41DD-B8D0-CB2A6ADFC62E}.Release|x86.Build.0 = Release|x86
		{5DE3BF58-AB02-41DD-B8D0-CB2A6ADFC62E}.ReleaseMT|Any CPU.ActiveCfg = Release|Any CPU
		{5DE3BF58-AB02-41DD-B8D0-CB2A6ADFC62E}.ReleaseMT|Any CPU.Build.0 = Release|Any CPU
		{5DE3BF58-AB02-41DD-B8D0-CB2A6ADFC62E}.ReleaseMT|ARM.ActiveCfg = Release|Any CPU
		{5DE3BF58-AB02-41DD-B8D0-CB2A6ADFC62E}.ReleaseMT|ARM.Build.0 = Release|Any CPU
		{5DE3BF58-AB02-41DD-B8D0-CB2A6ADFC62E}.ReleaseMT|x64.ActiveCfg = Release|x64
		{5DE3BF58-AB02-41DD-B8D0-CB2A6ADFC62E}.ReleaseMT|x64.Build.0 = Release|x64
		{5DE3BF58-AB02-41DD-B8D0-CB2A6ADFC62E}.ReleaseMT|x86.ActiveCfg = Release|x86
		{5DE3BF58-AB02-41DD-B8D0-CB2A6ADFC62E}.ReleaseMT|x86.Build.0 = Release|x86
		{5DE3BF58-AB02-41DD-B8D0-CB2A6ADFC62E}.ReleaseStatic|Any CPU.ActiveCfg = Release|Any CPU
		{5DE3BF58-AB02-41DD-B8D0-CB2A6ADFC62E}.ReleaseStatic|Any CPU.Build.0 = Release|Any CPU
		{5DE3BF58-AB02-41DD-B8D0-CB2A6ADFC62E}.ReleaseStatic|ARM.ActiveCfg = Release|Any CPU
		{5DE3BF58-AB02-41DD-B8D0-CB2A6ADFC62E}.ReleaseStatic|ARM.Build.0 = Release|Any CPU
		{5DE3BF58-AB02-41DD-B8D0-CB2A6ADFC62E}.ReleaseStatic|x64.ActiveCfg = Release|x64
		{5DE3BF58-AB02-41DD-B8D0-CB2A6ADFC62E}.ReleaseStatic|x64.Build.0 = Release|x64
		{5DE3BF58-AB02-41DD-B8D0-CB2A6ADFC62E}.ReleaseStatic|x86.ActiveCfg = Release|x86
		{5DE3BF58-AB02-41DD-B8D0-CB2A6ADFC62E}.ReleaseStatic|x86.Build.0 = Release|x86
		{4F038EE5-A869-4FAB-87ED-43BBD23E0375}.Debug|Any CPU.ActiveCfg = Debug|x64
		{4F038EE5-A869-4FAB-87ED-43BBD23E0375}.Debug|ARM.ActiveCfg = Debug|Win32
		{4F038EE5-A869-4FAB-87ED-43BBD23E0375}.Debug|x64.ActiveCfg = Debug|x64
		{4F038EE5-A869-4FAB-87ED-43BBD23E0375}.Debug|x64.Build.0 = Debug|x64
		{4F038EE5-A869-4FAB-87ED-43BBD23E0375}.Debug|x86.ActiveCfg = Debug|Win32
		{4F038EE5-A869-4FAB-87ED-43BBD23E0375}.Debug|x86.Build.0 = Debug|Win32
		{4F038EE5-A869-4FAB-87ED-43BBD23E0375}.DebugMT|Any CPU.ActiveCfg = Release|x64
		{4F038EE5-A869-4FAB-87ED-43BBD23E0375}.DebugMT|Any CPU.Build.0 = Release|x64
		{4F038EE5-A869-4FAB-87ED-43BBD23E0375}.DebugMT|ARM.ActiveCfg = Release|Win32
		{4F038EE5-A869-4FAB-87ED-43BBD23E0375}.DebugMT|ARM.Build.0 = Release|Win32
		{4F038EE5-A869-4FAB-87ED-43BBD23E0375}.DebugMT|ARM.Deploy.0 = Release|Win32
		{4F038EE5-A869-4FAB-87ED-43BBD23E0375}.DebugMT|x64.ActiveCfg = Debug|x64
		{4F038EE5-A869-4FAB-87ED-43BBD23E0375}.DebugMT|x64.Build.0 = Debug|x64
		{4F038EE5-A869-4FAB-87ED-43BBD23E0375}.DebugMT|x86.ActiveCfg = Debug|Win32
		{4F038EE5-A869-4FAB-87ED-43BBD23E0375}.DebugMT|x86.Build.0 = Debug|Win32
		{4F038EE5-A869-4FAB-87ED-43BBD23E0375}.DebugStatic|Any CPU.ActiveCfg = Release|x64
		{4F038EE5-A869-4FAB-87ED-43BBD23E0375}.DebugStatic|Any CPU.Build.0 = Release|x64
		{4F038EE5-A869-4FAB-87ED-43BBD23E0375}.DebugStatic|ARM.ActiveCfg = Release|Win32
		{4F038EE5-A869-4FAB-87ED-43BBD23E0375}.DebugStatic|ARM.Build.0 = Release|Win32
		{4F038EE5-A869-4FAB-87ED-43BBD23E0375}.DebugStatic|ARM.Deploy.0 = Release|Win32
		{4F038EE5-A869-4FAB-87ED-43BBD23E0375}.DebugStatic|x64.ActiveCfg = Debug|x64
		{4F038EE5-A869-4FAB-87ED-43BBD23E0375}.DebugStatic|x64.Build.0 = Debug|x64
		{4F038EE5-A869-4FAB-87ED-43BBD23E0375}.DebugStatic|x86.ActiveCfg = Debug|Win32
		{4F038EE5-A869-4FAB-87ED-43BBD23E0375}.DebugStatic|x86.Build.0 = Debug|Win32
		{4F038EE5-A869-4FAB-87ED-43BBD23E0375}.Release|Any CPU.ActiveCfg = Release|Win32
		{4F038EE5-A869-4FAB-87ED-43BBD23E0375}.Release|ARM.ActiveCfg = Release|Win32
		{4F038EE5-A869-4FAB-87ED-43BBD23E0375}.Release|x64.ActiveCfg = Release|x64
		{4F038EE5-A869-4FAB-87ED-43BBD23E0375}.Release|x64.Build.0 = Release|x64
		{4F038EE5-A869-4FAB-87ED-43BBD23E0375}.Release|x86.ActiveCfg = Release|Win32
		{4F038EE5-A869-4FAB-87ED-43BBD23E0375}.Release|x86.Build.0 = Release|Win32
		{4F038EE5-A869-4FAB-87ED-43BBD23E0375}.ReleaseMT|Any CPU.ActiveCfg = Release|x64
		{4F038EE5-A869-4FAB-87ED-43BBD23E0375}.ReleaseMT|Any CPU.Build.0 = Release|x64
		{4F038EE5-A869-4FAB-87ED-43BBD23E0375}.ReleaseMT|ARM.ActiveCfg = Release|Win32
		{4F038EE5-A869-4FAB-87ED-43BBD23E0375}.ReleaseMT|ARM.Build.0 = Release|Win32
		{4F038EE5-A869-4FAB-87ED-43BBD23E0375}.ReleaseMT|ARM.Deploy.0 = Release|Win32
		{4F038EE5-A869-4FAB-87ED-43BBD23E0375}.ReleaseMT|x64.ActiveCfg = Release|x64
		{4F038EE5-A869-4FAB-87ED-43BBD23E0375}.ReleaseMT|x64.Build.0 = Release|x64
		{4F038EE5-A869-4FAB-87ED-43BBD23E0375}.ReleaseMT|x86.ActiveCfg = Release|Win32
		{4F038EE5-A869-4FAB-87ED-43BBD23E0375}.ReleaseMT|x86.Build.0 = Release|Win32
		{4F038EE5-A869-4FAB-87ED-43BBD23E0375}.ReleaseStatic|Any CPU.ActiveCfg = Release|x64
		{4F038EE5-A869-4FAB-87ED-43BBD23E0375}.ReleaseStatic|Any CPU.Build.0 = Release|x64
		{4F038EE5-A869-4FAB-87ED-43BBD23E0375}.ReleaseStatic|ARM.ActiveCfg = Release|Win32
		{4F038EE5-A869-4FAB-87ED-43BBD23E0375}.ReleaseStatic|ARM.Build.0 = Release|Win32
		{4F038EE5-A869-4FAB-87ED-43BBD23E0375}.ReleaseStatic|ARM.Deploy.0 = Release|Win32
		{4F038EE5-A869-4FAB-87ED-43BBD23E0375}.ReleaseStatic|x64.ActiveCfg = Release|x64
		{4F038EE5-A869-4FAB-87ED-43BBD23E0375}.ReleaseStatic|x64.Build.0 = Release|x64
		{4F038EE5-A869-4FAB-87ED-43BBD23E0375}.ReleaseStatic|x86.ActiveCfg = Release|Win32
		{4F038EE5-A869-4FAB-87ED-43BBD23E0375}.ReleaseStatic|x86.Build.0 = Release|Win32
		{4E21CD8C-3831-4BD4-B6A9-AF88112C0E00}.Debug|Any CPU.ActiveCfg = Debug|Any CPU
		{4E21CD8C-3831-4BD4-B6A9-AF88112C0E00}.Debug|ARM.ActiveCfg = Debug|Any CPU
		{4E21CD8C-3831-4BD4-B6A9-AF88112C0E00}.Debug|ARM.Build.0 = Debug|Any CPU
		{4E21CD8C-3831-4BD4-B6A9-AF88112C0E00}.Debug|x64.ActiveCfg = Debug|x64
		{4E21CD8C-3831-4BD4-B6A9-AF88112C0E00}.Debug|x64.Build.0 = Debug|x64
		{4E21CD8C-3831-4BD4-B6A9-AF88112C0E00}.Debug|x86.ActiveCfg = Debug|x86
		{4E21CD8C-3831-4BD4-B6A9-AF88112C0E00}.Debug|x86.Build.0 = Debug|x86
		{4E21CD8C-3831-4BD4-B6A9-AF88112C0E00}.DebugMT|Any CPU.ActiveCfg = Debug|Any CPU
		{4E21CD8C-3831-4BD4-B6A9-AF88112C0E00}.DebugMT|Any CPU.Build.0 = Debug|Any CPU
		{4E21CD8C-3831-4BD4-B6A9-AF88112C0E00}.DebugMT|ARM.ActiveCfg = Debug|Any CPU
		{4E21CD8C-3831-4BD4-B6A9-AF88112C0E00}.DebugMT|ARM.Build.0 = Debug|Any CPU
		{4E21CD8C-3831-4BD4-B6A9-AF88112C0E00}.DebugMT|x64.ActiveCfg = Debug|Any CPU
		{4E21CD8C-3831-4BD4-B6A9-AF88112C0E00}.DebugMT|x64.Build.0 = Debug|Any CPU
		{4E21CD8C-3831-4BD4-B6A9-AF88112C0E00}.DebugMT|x86.ActiveCfg = Debug|Any CPU
		{4E21CD8C-3831-4BD4-B6A9-AF88112C0E00}.DebugMT|x86.Build.0 = Debug|Any CPU
		{4E21CD8C-3831-4BD4-B6A9-AF88112C0E00}.DebugStatic|Any CPU.ActiveCfg = Debug|Any CPU
		{4E21CD8C-3831-4BD4-B6A9-AF88112C0E00}.DebugStatic|Any CPU.Build.0 = Debug|Any CPU
		{4E21CD8C-3831-4BD4-B6A9-AF88112C0E00}.DebugStatic|ARM.ActiveCfg = Debug|Any CPU
		{4E21CD8C-3831-4BD4-B6A9-AF88112C0E00}.DebugStatic|ARM.Build.0 = Debug|Any CPU
		{4E21CD8C-3831-4BD4-B6A9-AF88112C0E00}.DebugStatic|x64.ActiveCfg = Debug|Any CPU
		{4E21CD8C-3831-4BD4-B6A9-AF88112C0E00}.DebugStatic|x64.Build.0 = Debug|Any CPU
		{4E21CD8C-3831-4BD4-B6A9-AF88112C0E00}.DebugStatic|x86.ActiveCfg = Debug|Any CPU
		{4E21CD8C-3831-4BD4-B6A9-AF88112C0E00}.DebugStatic|x86.Build.0 = Debug|Any CPU
		{4E21CD8C-3831-4BD4-B6A9-AF88112C0E00}.Release|Any CPU.ActiveCfg = Release|Any CPU
		{4E21CD8C-3831-4BD4-B6A9-AF88112C0E00}.Release|Any CPU.Build.0 = Release|Any CPU
		{4E21CD8C-3831-4BD4-B6A9-AF88112C0E00}.Release|ARM.ActiveCfg = Release|Any CPU
		{4E21CD8C-3831-4BD4-B6A9-AF88112C0E00}.Release|ARM.Build.0 = Release|Any CPU
		{4E21CD8C-3831-4BD4-B6A9-AF88112C0E00}.Release|x64.ActiveCfg = Release|x64
		{4E21CD8C-3831-4BD4-B6A9-AF88112C0E00}.Release|x64.Build.0 = Release|x64
		{4E21CD8C-3831-4BD4-B6A9-AF88112C0E00}.Release|x86.ActiveCfg = Release|Any CPU
		{4E21CD8C-3831-4BD4-B6A9-AF88112C0E00}.Release|x86.Build.0 = Release|Any CPU
		{4E21CD8C-3831-4BD4-B6A9-AF88112C0E00}.ReleaseMT|Any CPU.ActiveCfg = Release|Any CPU
		{4E21CD8C-3831-4BD4-B6A9-AF88112C0E00}.ReleaseMT|Any CPU.Build.0 = Release|Any CPU
		{4E21CD8C-3831-4BD4-B6A9-AF88112C0E00}.ReleaseMT|ARM.ActiveCfg = Release|Any CPU
		{4E21CD8C-3831-4BD4-B6A9-AF88112C0E00}.ReleaseMT|ARM.Build.0 = Release|Any CPU
		{4E21CD8C-3831-4BD4-B6A9-AF88112C0E00}.ReleaseMT|x64.ActiveCfg = Release|Any CPU
		{4E21CD8C-3831-4BD4-B6A9-AF88112C0E00}.ReleaseMT|x64.Build.0 = Release|Any CPU
		{4E21CD8C-3831-4BD4-B6A9-AF88112C0E00}.ReleaseMT|x86.ActiveCfg = Release|Any CPU
		{4E21CD8C-3831-4BD4-B6A9-AF88112C0E00}.ReleaseMT|x86.Build.0 = Release|Any CPU
		{4E21CD8C-3831-4BD4-B6A9-AF88112C0E00}.ReleaseStatic|Any CPU.ActiveCfg = Release|Any CPU
		{4E21CD8C-3831-4BD4-B6A9-AF88112C0E00}.ReleaseStatic|Any CPU.Build.0 = Release|Any CPU
		{4E21CD8C-3831-4BD4-B6A9-AF88112C0E00}.ReleaseStatic|ARM.ActiveCfg = Release|Any CPU
		{4E21CD8C-3831-4BD4-B6A9-AF88112C0E00}.ReleaseStatic|ARM.Build.0 = Release|Any CPU
		{4E21CD8C-3831-4BD4-B6A9-AF88112C0E00}.ReleaseStatic|x64.ActiveCfg = Release|Any CPU
		{4E21CD8C-3831-4BD4-B6A9-AF88112C0E00}.ReleaseStatic|x64.Build.0 = Release|Any CPU
		{4E21CD8C-3831-4BD4-B6A9-AF88112C0E00}.ReleaseStatic|x86.ActiveCfg = Release|Any CPU
		{4E21CD8C-3831-4BD4-B6A9-AF88112C0E00}.ReleaseStatic|x86.Build.0 = Release|Any CPU
		{521C0810-6512-47EE-9142-92445DC35912}.Debug|Any CPU.ActiveCfg = Debug|x64
		{521C0810-6512-47EE-9142-92445DC35912}.Debug|Any CPU.Build.0 = Debug|x64
		{521C0810-6512-47EE-9142-92445DC35912}.Debug|ARM.ActiveCfg = Debug|x64
		{521C0810-6512-47EE-9142-92445DC35912}.Debug|x64.ActiveCfg = Debug|x64
		{521C0810-6512-47EE-9142-92445DC35912}.Debug|x86.ActiveCfg = Debug|x64
		{521C0810-6512-47EE-9142-92445DC35912}.DebugMT|Any CPU.ActiveCfg = Debug|x64
		{521C0810-6512-47EE-9142-92445DC35912}.DebugMT|Any CPU.Build.0 = Debug|x64
		{521C0810-6512-47EE-9142-92445DC35912}.DebugMT|ARM.ActiveCfg = Debug|x64
		{521C0810-6512-47EE-9142-92445DC35912}.DebugMT|ARM.Build.0 = Debug|x64
		{521C0810-6512-47EE-9142-92445DC35912}.DebugMT|x64.ActiveCfg = Debug|x64
		{521C0810-6512-47EE-9142-92445DC35912}.DebugMT|x64.Build.0 = Debug|x64
		{521C0810-6512-47EE-9142-92445DC35912}.DebugMT|x86.ActiveCfg = Debug|x64
		{521C0810-6512-47EE-9142-92445DC35912}.DebugMT|x86.Build.0 = Debug|x64
		{521C0810-6512-47EE-9142-92445DC35912}.DebugStatic|Any CPU.ActiveCfg = Debug|x64
		{521C0810-6512-47EE-9142-92445DC35912}.DebugStatic|Any CPU.Build.0 = Debug|x64
		{521C0810-6512-47EE-9142-92445DC35912}.DebugStatic|ARM.ActiveCfg = Debug|x64
		{521C0810-6512-47EE-9142-92445DC35912}.DebugStatic|ARM.Build.0 = Debug|x64
		{521C0810-6512-47EE-9142-92445DC35912}.DebugStatic|x64.ActiveCfg = Debug|x64
		{521C0810-6512-47EE-9142-92445DC35912}.DebugStatic|x64.Build.0 = Debug|x64
		{521C0810-6512-47EE-9142-92445DC35912}.DebugStatic|x86.ActiveCfg = Debug|x64
		{521C0810-6512-47EE-9142-92445DC35912}.DebugStatic|x86.Build.0 = Debug|x64
		{521C0810-6512-47EE-9142-92445DC35912}.Release|Any CPU.ActiveCfg = Debug|x64
		{521C0810-6512-47EE-9142-92445DC35912}.Release|Any CPU.Build.0 = Debug|x64
		{521C0810-6512-47EE-9142-92445DC35912}.Release|ARM.ActiveCfg = Debug|x64
		{521C0810-6512-47EE-9142-92445DC35912}.Release|ARM.Build.0 = Debug|x64
		{521C0810-6512-47EE-9142-92445DC35912}.Release|x64.ActiveCfg = Release|x64
		{521C0810-6512-47EE-9142-92445DC35912}.Release|x86.ActiveCfg = Debug|x64
		{521C0810-6512-47EE-9142-92445DC35912}.Release|x86.Build.0 = Debug|x64
		{521C0810-6512-47EE-9142-92445DC35912}.ReleaseMT|Any CPU.ActiveCfg = Debug|x64
		{521C0810-6512-47EE-9142-92445DC35912}.ReleaseMT|Any CPU.Build.0 = Debug|x64
		{521C0810-6512-47EE-9142-92445DC35912}.ReleaseMT|ARM.ActiveCfg = Debug|x64
		{521C0810-6512-47EE-9142-92445DC35912}.ReleaseMT|ARM.Build.0 = Debug|x64
		{521C0810-6512-47EE-9142-92445DC35912}.ReleaseMT|x64.ActiveCfg = Debug|x64
		{521C0810-6512-47EE-9142-92445DC35912}.ReleaseMT|x64.Build.0 = Debug|x64
		{521C0810-6512-47EE-9142-92445DC35912}.ReleaseMT|x86.ActiveCfg = Debug|x64
		{521C0810-6512-47EE-9142-92445DC35912}.ReleaseMT|x86.Build.0 = Debug|x64
		{521C0810-6512-47EE-9142-92445DC35912}.ReleaseStatic|Any CPU.ActiveCfg = Debug|x64
		{521C0810-6512-47EE-9142-92445DC35912}.ReleaseStatic|Any CPU.Build.0 = Debug|x64
		{521C0810-6512-47EE-9142-92445DC35912}.ReleaseStatic|ARM.ActiveCfg = Debug|x64
		{521C0810-6512-47EE-9142-92445DC35912}.ReleaseStatic|ARM.Build.0 = Debug|x64
		{521C0810-6512-47EE-9142-92445DC35912}.ReleaseStatic|x64.ActiveCfg = Debug|x64
		{521C0810-6512-47EE-9142-92445DC35912}.ReleaseStatic|x64.Build.0 = Debug|x64
		{521C0810-6512-47EE-9142-92445DC35912}.ReleaseStatic|x86.ActiveCfg = Debug|x64
		{521C0810-6512-47EE-9142-92445DC35912}.ReleaseStatic|x86.Build.0 = Debug|x64
		{F34F32A5-802C-4ABF-9E17-DC009E02DF97}.Debug|Any CPU.ActiveCfg = Debug|x64
		{F34F32A5-802C-4ABF-9E17-DC009E02DF97}.Debug|Any CPU.Build.0 = Debug|x64
		{F34F32A5-802C-4ABF-9E17-DC009E02DF97}.Debug|ARM.ActiveCfg = Debug|x64
		{F34F32A5-802C-4ABF-9E17-DC009E02DF97}.Debug|x64.ActiveCfg = Debug|x64
		{F34F32A5-802C-4ABF-9E17-DC009E02DF97}.Debug|x86.ActiveCfg = Debug|x64
		{F34F32A5-802C-4ABF-9E17-DC009E02DF97}.DebugMT|Any CPU.ActiveCfg = Debug|x64
		{F34F32A5-802C-4ABF-9E17-DC009E02DF97}.DebugMT|Any CPU.Build.0 = Debug|x64
		{F34F32A5-802C-4ABF-9E17-DC009E02DF97}.DebugMT|ARM.ActiveCfg = Debug|x64
		{F34F32A5-802C-4ABF-9E17-DC009E02DF97}.DebugMT|ARM.Build.0 = Debug|x64
		{F34F32A5-802C-4ABF-9E17-DC009E02DF97}.DebugMT|x64.ActiveCfg = Debug|x64
		{F34F32A5-802C-4ABF-9E17-DC009E02DF97}.DebugMT|x64.Build.0 = Debug|x64
		{F34F32A5-802C-4ABF-9E17-DC009E02DF97}.DebugMT|x86.ActiveCfg = Debug|x64
		{F34F32A5-802C-4ABF-9E17-DC009E02DF97}.DebugMT|x86.Build.0 = Debug|x64
		{F34F32A5-802C-4ABF-9E17-DC009E02DF97}.DebugStatic|Any CPU.ActiveCfg = Debug|x64
		{F34F32A5-802C-4ABF-9E17-DC009E02DF97}.DebugStatic|Any CPU.Build.0 = Debug|x64
		{F34F32A5-802C-4ABF-9E17-DC009E02DF97}.DebugStatic|ARM.ActiveCfg = Debug|x64
		{F34F32A5-802C-4ABF-9E17-DC009E02DF97}.DebugStatic|ARM.Build.0 = Debug|x64
		{F34F32A5-802C-4ABF-9E17-DC009E02DF97}.DebugStatic|x64.ActiveCfg = Debug|x64
		{F34F32A5-802C-4ABF-9E17-DC009E02DF97}.DebugStatic|x64.Build.0 = Debug|x64
		{F34F32A5-802C-4ABF-9E17-DC009E02DF97}.DebugStatic|x86.ActiveCfg = Debug|x64
		{F34F32A5-802C-4ABF-9E17-DC009E02DF97}.DebugStatic|x86.Build.0 = Debug|x64
		{F34F32A5-802C-4ABF-9E17-DC009E02DF97}.Release|Any CPU.ActiveCfg = Debug|x64
		{F34F32A5-802C-4ABF-9E17-DC009E02DF97}.Release|Any CPU.Build.0 = Debug|x64
		{F34F32A5-802C-4ABF-9E17-DC009E02DF97}.Release|ARM.ActiveCfg = Debug|x64
		{F34F32A5-802C-4ABF-9E17-DC009E02DF97}.Release|ARM.Build.0 = Debug|x64
		{F34F32A5-802C-4ABF-9E17-DC009E02DF97}.Release|x64.ActiveCfg = Release|x64
		{F34F32A5-802C-4ABF-9E17-DC009E02DF97}.Release|x86.ActiveCfg = Debug|x64
		{F34F32A5-802C-4ABF-9E17-DC009E02DF97}.Release|x86.Build.0 = Debug|x64
		{F34F32A5-802C-4ABF-9E17-DC009E02DF97}.ReleaseMT|Any CPU.ActiveCfg = Debug|x64
		{F34F32A5-802C-4ABF-9E17-DC009E02DF97}.ReleaseMT|Any CPU.Build.0 = Debug|x64
		{F34F32A5-802C-4ABF-9E17-DC009E02DF97}.ReleaseMT|ARM.ActiveCfg = Debug|x64
		{F34F32A5-802C-4ABF-9E17-DC009E02DF97}.ReleaseMT|ARM.Build.0 = Debug|x64
		{F34F32A5-802C-4ABF-9E17-DC009E02DF97}.ReleaseMT|x64.ActiveCfg = Debug|x64
		{F34F32A5-802C-4ABF-9E17-DC009E02DF97}.ReleaseMT|x64.Build.0 = Debug|x64
		{F34F32A5-802C-4ABF-9E17-DC009E02DF97}.ReleaseMT|x86.ActiveCfg = Debug|x64
		{F34F32A5-802C-4ABF-9E17-DC009E02DF97}.ReleaseMT|x86.Build.0 = Debug|x64
		{F34F32A5-802C-4ABF-9E17-DC009E02DF97}.ReleaseStatic|Any CPU.ActiveCfg = Debug|x64
		{F34F32A5-802C-4ABF-9E17-DC009E02DF97}.ReleaseStatic|Any CPU.Build.0 = Debug|x64
		{F34F32A5-802C-4ABF-9E17-DC009E02DF97}.ReleaseStatic|ARM.ActiveCfg = Debug|x64
		{F34F32A5-802C-4ABF-9E17-DC009E02DF97}.ReleaseStatic|ARM.Build.0 = Debug|x64
		{F34F32A5-802C-4ABF-9E17-DC009E02DF97}.ReleaseStatic|x64.ActiveCfg = Debug|x64
		{F34F32A5-802C-4ABF-9E17-DC009E02DF97}.ReleaseStatic|x64.Build.0 = Debug|x64
		{F34F32A5-802C-4ABF-9E17-DC009E02DF97}.ReleaseStatic|x86.ActiveCfg = Debug|x64
		{F34F32A5-802C-4ABF-9E17-DC009E02DF97}.ReleaseStatic|x86.Build.0 = Debug|x64
		{92F6EC5F-B66C-4572-A74D-79329AFF3129}.Debug|Any CPU.ActiveCfg = Debug|x64
		{92F6EC5F-B66C-4572-A74D-79329AFF3129}.Debug|Any CPU.Build.0 = Debug|x64
		{92F6EC5F-B66C-4572-A74D-79329AFF3129}.Debug|ARM.ActiveCfg = Debug|x64
		{92F6EC5F-B66C-4572-A74D-79329AFF3129}.Debug|x64.ActiveCfg = Debug|x64
		{92F6EC5F-B66C-4572-A74D-79329AFF3129}.Debug|x64.Build.0 = Debug|x64
		{92F6EC5F-B66C-4572-A74D-79329AFF3129}.Debug|x86.ActiveCfg = Debug|x64
		{92F6EC5F-B66C-4572-A74D-79329AFF3129}.DebugMT|Any CPU.ActiveCfg = Debug|x64
		{92F6EC5F-B66C-4572-A74D-79329AFF3129}.DebugMT|Any CPU.Build.0 = Debug|x64
		{92F6EC5F-B66C-4572-A74D-79329AFF3129}.DebugMT|ARM.ActiveCfg = Debug|x64
		{92F6EC5F-B66C-4572-A74D-79329AFF3129}.DebugMT|ARM.Build.0 = Debug|x64
		{92F6EC5F-B66C-4572-A74D-79329AFF3129}.DebugMT|x64.ActiveCfg = Debug|x64
		{92F6EC5F-B66C-4572-A74D-79329AFF3129}.DebugMT|x64.Build.0 = Debug|x64
		{92F6EC5F-B66C-4572-A74D-79329AFF3129}.DebugMT|x86.ActiveCfg = Debug|x64
		{92F6EC5F-B66C-4572-A74D-79329AFF3129}.DebugMT|x86.Build.0 = Debug|x64
		{92F6EC5F-B66C-4572-A74D-79329AFF3129}.DebugStatic|Any CPU.ActiveCfg = Debug|x64
		{92F6EC5F-B66C-4572-A74D-79329AFF3129}.DebugStatic|Any CPU.Build.0 = Debug|x64
		{92F6EC5F-B66C-4572-A74D-79329AFF3129}.DebugStatic|ARM.ActiveCfg = Debug|x64
		{92F6EC5F-B66C-4572-A74D-79329AFF3129}.DebugStatic|ARM.Build.0 = Debug|x64
		{92F6EC5F-B66C-4572-A74D-79329AFF3129}.DebugStatic|x64.ActiveCfg = Debug|x64
		{92F6EC5F-B66C-4572-A74D-79329AFF3129}.DebugStatic|x64.Build.0 = Debug|x64
		{92F6EC5F-B66C-4572-A74D-79329AFF3129}.DebugStatic|x86.ActiveCfg = Debug|x64
		{92F6EC5F-B66C-4572-A74D-79329AFF3129}.DebugStatic|x86.Build.0 = Debug|x64
		{92F6EC5F-B66C-4572-A74D-79329AFF3129}.Release|Any CPU.ActiveCfg = Debug|x64
		{92F6EC5F-B66C-4572-A74D-79329AFF3129}.Release|Any CPU.Build.0 = Debug|x64
		{92F6EC5F-B66C-4572-A74D-79329AFF3129}.Release|ARM.ActiveCfg = Debug|x64
		{92F6EC5F-B66C-4572-A74D-79329AFF3129}.Release|ARM.Build.0 = Debug|x64
		{92F6EC5F-B66C-4572-A74D-79329AFF3129}.Release|x64.ActiveCfg = Release|x64
		{92F6EC5F-B66C-4572-A74D-79329AFF3129}.Release|x64.Build.0 = Release|x64
		{92F6EC5F-B66C-4572-A74D-79329AFF3129}.Release|x86.ActiveCfg = Debug|x64
		{92F6EC5F-B66C-4572-A74D-79329AFF3129}.Release|x86.Build.0 = Debug|x64
		{92F6EC5F-B66C-4572-A74D-79329AFF3129}.ReleaseMT|Any CPU.ActiveCfg = Debug|x64
		{92F6EC5F-B66C-4572-A74D-79329AFF3129}.ReleaseMT|Any CPU.Build.0 = Debug|x64
		{92F6EC5F-B66C-4572-A74D-79329AFF3129}.ReleaseMT|ARM.ActiveCfg = Debug|x64
		{92F6EC5F-B66C-4572-A74D-79329AFF3129}.ReleaseMT|ARM.Build.0 = Debug|x64
		{92F6EC5F-B66C-4572-A74D-79329AFF3129}.ReleaseMT|x64.ActiveCfg = Debug|x64
		{92F6EC5F-B66C-4572-A74D-79329AFF3129}.ReleaseMT|x64.Build.0 = Debug|x64
		{92F6EC5F-B66C-4572-A74D-79329AFF3129}.ReleaseMT|x86.ActiveCfg = Debug|x64
		{92F6EC5F-B66C-4572-A74D-79329AFF3129}.ReleaseMT|x86.Build.0 = Debug|x64
		{92F6EC5F-B66C-4572-A74D-79329AFF3129}.ReleaseStatic|Any CPU.ActiveCfg = Debug|x64
		{92F6EC5F-B66C-4572-A74D-79329AFF3129}.ReleaseStatic|Any CPU.Build.0 = Debug|x64
		{92F6EC5F-B66C-4572-A74D-79329AFF3129}.ReleaseStatic|ARM.ActiveCfg = Debug|x64
		{92F6EC5F-B66C-4572-A74D-79329AFF3129}.ReleaseStatic|ARM.Build.0 = Debug|x64
		{92F6EC5F-B66C-4572-A74D-79329AFF3129}.ReleaseStatic|x64.ActiveCfg = Debug|x64
		{92F6EC5F-B66C-4572-A74D-79329AFF3129}.ReleaseStatic|x64.Build.0 = Debug|x64
		{92F6EC5F-B66C-4572-A74D-79329AFF3129}.ReleaseStatic|x86.ActiveCfg = Debug|x64
		{92F6EC5F-B66C-4572-A74D-79329AFF3129}.ReleaseStatic|x86.Build.0 = Debug|x64
		{3E4DF9A7-08A4-4188-9C86-B60605F3710B}.Debug|Any CPU.ActiveCfg = Debug|x64
		{3E4DF9A7-08A4-4188-9C86-B60605F3710B}.Debug|Any CPU.Build.0 = Debug|x64
		{3E4DF9A7-08A4-4188-9C86-B60605F3710B}.Debug|ARM.ActiveCfg = Debug|x64
		{3E4DF9A7-08A4-4188-9C86-B60605F3710B}.Debug|x64.ActiveCfg = Debug|x64
		{3E4DF9A7-08A4-4188-9C86-B60605F3710B}.Debug|x64.Build.0 = Debug|x64
		{3E4DF9A7-08A4-4188-9C86-B60605F3710B}.Debug|x86.ActiveCfg = Debug|x64
		{3E4DF9A7-08A4-4188-9C86-B60605F3710B}.DebugMT|Any CPU.ActiveCfg = Debug|x64
		{3E4DF9A7-08A4-4188-9C86-B60605F3710B}.DebugMT|Any CPU.Build.0 = Debug|x64
		{3E4DF9A7-08A4-4188-9C86-B60605F3710B}.DebugMT|ARM.ActiveCfg = Debug|x64
		{3E4DF9A7-08A4-4188-9C86-B60605F3710B}.DebugMT|ARM.Build.0 = Debug|x64
		{3E4DF9A7-08A4-4188-9C86-B60605F3710B}.DebugMT|x64.ActiveCfg = Debug|x64
		{3E4DF9A7-08A4-4188-9C86-B60605F3710B}.DebugMT|x64.Build.0 = Debug|x64
		{3E4DF9A7-08A4-4188-9C86-B60605F3710B}.DebugMT|x86.ActiveCfg = Debug|x64
		{3E4DF9A7-08A4-4188-9C86-B60605F3710B}.DebugMT|x86.Build.0 = Debug|x64
		{3E4DF9A7-08A4-4188-9C86-B60605F3710B}.DebugStatic|Any CPU.ActiveCfg = Debug|x64
		{3E4DF9A7-08A4-4188-9C86-B60605F3710B}.DebugStatic|Any CPU.Build.0 = Debug|x64
		{3E4DF9A7-08A4-4188-9C86-B60605F3710B}.DebugStatic|ARM.ActiveCfg = Debug|x64
		{3E4DF9A7-08A4-4188-9C86-B60605F3710B}.DebugStatic|ARM.Build.0 = Debug|x64
		{3E4DF9A7-08A4-4188-9C86-B60605F3710B}.DebugStatic|x64.ActiveCfg = Debug|x64
		{3E4DF9A7-08A4-4188-9C86-B60605F3710B}.DebugStatic|x64.Build.0 = Debug|x64
		{3E4DF9A7-08A4-4188-9C86-B60605F3710B}.DebugStatic|x86.ActiveCfg = Debug|x64
		{3E4DF9A7-08A4-4188-9C86-B60605F3710B}.DebugStatic|x86.Build.0 = Debug|x64
		{3E4DF9A7-08A4-4188-9C86-B60605F3710B}.Release|Any CPU.ActiveCfg = Debug|x64
		{3E4DF9A7-08A4-4188-9C86-B60605F3710B}.Release|Any CPU.Build.0 = Debug|x64
		{3E4DF9A7-08A4-4188-9C86-B60605F3710B}.Release|ARM.ActiveCfg = Debug|x64
		{3E4DF9A7-08A4-4188-9C86-B60605F3710B}.Release|ARM.Build.0 = Debug|x64
		{3E4DF9A7-08A4-4188-9C86-B60605F3710B}.Release|x64.ActiveCfg = Release|x64
		{3E4DF9A7-08A4-4188-9C86-B60605F3710B}.Release|x64.Build.0 = Release|x64
		{3E4DF9A7-08A4-4188-9C86-B60605F3710B}.Release|x86.ActiveCfg = Debug|x64
		{3E4DF9A7-08A4-4188-9C86-B60605F3710B}.Release|x86.Build.0 = Debug|x64
		{3E4DF9A7-08A4-4188-9C86-B60605F3710B}.ReleaseMT|Any CPU.ActiveCfg = Debug|x64
		{3E4DF9A7-08A4-4188-9C86-B60605F3710B}.ReleaseMT|Any CPU.Build.0 = Debug|x64
		{3E4DF9A7-08A4-4188-9C86-B60605F3710B}.ReleaseMT|ARM.ActiveCfg = Debug|x64
		{3E4DF9A7-08A4-4188-9C86-B60605F3710B}.ReleaseMT|ARM.Build.0 = Debug|x64
		{3E4DF9A7-08A4-4188-9C86-B60605F3710B}.ReleaseMT|x64.ActiveCfg = Debug|x64
		{3E4DF9A7-08A4-4188-9C86-B60605F3710B}.ReleaseMT|x64.Build.0 = Debug|x64
		{3E4DF9A7-08A4-4188-9C86-B60605F3710B}.ReleaseMT|x86.ActiveCfg = Debug|x64
		{3E4DF9A7-08A4-4188-9C86-B60605F3710B}.ReleaseMT|x86.Build.0 = Debug|x64
		{3E4DF9A7-08A4-4188-9C86-B60605F3710B}.ReleaseStatic|Any CPU.ActiveCfg = Debug|x64
		{3E4DF9A7-08A4-4188-9C86-B60605F3710B}.ReleaseStatic|Any CPU.Build.0 = Debug|x64
		{3E4DF9A7-08A4-4188-9C86-B60605F3710B}.ReleaseStatic|ARM.ActiveCfg = Debug|x64
		{3E4DF9A7-08A4-4188-9C86-B60605F3710B}.ReleaseStatic|ARM.Build.0 = Debug|x64
		{3E4DF9A7-08A4-4188-9C86-B60605F3710B}.ReleaseStatic|x64.ActiveCfg = Debug|x64
		{3E4DF9A7-08A4-4188-9C86-B60605F3710B}.ReleaseStatic|x64.Build.0 = Debug|x64
		{3E4DF9A7-08A4-4188-9C86-B60605F3710B}.ReleaseStatic|x86.ActiveCfg = Debug|x64
		{3E4DF9A7-08A4-4188-9C86-B60605F3710B}.ReleaseStatic|x86.Build.0 = Debug|x64
		{6DB826CB-A60D-4C0F-8626-CB45AC67844E}.Debug|Any CPU.ActiveCfg = Debug|x64
		{6DB826CB-A60D-4C0F-8626-CB45AC67844E}.Debug|ARM.ActiveCfg = Debug|x64
		{6DB826CB-A60D-4C0F-8626-CB45AC67844E}.Debug|x64.ActiveCfg = Debug|x64
		{6DB826CB-A60D-4C0F-8626-CB45AC67844E}.Debug|x86.ActiveCfg = Debug|x64
		{6DB826CB-A60D-4C0F-8626-CB45AC67844E}.DebugMT|Any CPU.ActiveCfg = Debug|x64
		{6DB826CB-A60D-4C0F-8626-CB45AC67844E}.DebugMT|Any CPU.Build.0 = Debug|x64
		{6DB826CB-A60D-4C0F-8626-CB45AC67844E}.DebugMT|ARM.ActiveCfg = Debug|x64
		{6DB826CB-A60D-4C0F-8626-CB45AC67844E}.DebugMT|ARM.Build.0 = Debug|x64
		{6DB826CB-A60D-4C0F-8626-CB45AC67844E}.DebugMT|x64.ActiveCfg = Debug|x64
		{6DB826CB-A60D-4C0F-8626-CB45AC67844E}.DebugMT|x64.Build.0 = Debug|x64
		{6DB826CB-A60D-4C0F-8626-CB45AC67844E}.DebugMT|x86.ActiveCfg = Debug|x64
		{6DB826CB-A60D-4C0F-8626-CB45AC67844E}.DebugMT|x86.Build.0 = Debug|x64
		{6DB826CB-A60D-4C0F-8626-CB45AC67844E}.DebugStatic|Any CPU.ActiveCfg = Debug|x64
		{6DB826CB-A60D-4C0F-8626-CB45AC67844E}.DebugStatic|Any CPU.Build.0 = Debug|x64
		{6DB826CB-A60D-4C0F-8626-CB45AC67844E}.DebugStatic|ARM.ActiveCfg = Debug|x64
		{6DB826CB-A60D-4C0F-8626-CB45AC67844E}.DebugStatic|ARM.Build.0 = Debug|x64
		{6DB826CB-A60D-4C0F-8626-CB45AC67844E}.DebugStatic|x64.ActiveCfg = Debug|x64
		{6DB826CB-A60D-4C0F-8626-CB45AC67844E}.DebugStatic|x64.Build.0 = Debug|x64
		{6DB826CB-A60D-4C0F-8626-CB45AC67844E}.DebugStatic|x86.ActiveCfg = Debug|x64
		{6DB826CB-A60D-4C0F-8626-CB45AC67844E}.DebugStatic|x86.Build.0 = Debug|x64
		{6DB826CB-A60D-4C0F-8626-CB45AC67844E}.Release|Any CPU.ActiveCfg = Debug|x64
		{6DB826CB-A60D-4C0F-8626-CB45AC67844E}.Release|Any CPU.Build.0 = Debug|x64
		{6DB826CB-A60D-4C0F-8626-CB45AC67844E}.Release|ARM.ActiveCfg = Debug|x64
		{6DB826CB-A60D-4C0F-8626-CB45AC67844E}.Release|ARM.Build.0 = Debug|x64
		{6DB826CB-A60D-4C0F-8626-CB45AC67844E}.Release|x64.ActiveCfg = Release|x64
		{6DB826CB-A60D-4C0F-8626-CB45AC67844E}.Release|x86.ActiveCfg = Debug|x64
		{6DB826CB-A60D-4C0F-8626-CB45AC67844E}.Release|x86.Build.0 = Debug|x64
		{6DB826CB-A60D-4C0F-8626-CB45AC67844E}.ReleaseMT|Any CPU.ActiveCfg = Debug|x64
		{6DB826CB-A60D-4C0F-8626-CB45AC67844E}.ReleaseMT|Any CPU.Build.0 = Debug|x64
		{6DB826CB-A60D-4C0F-8626-CB45AC67844E}.ReleaseMT|ARM.ActiveCfg = Debug|x64
		{6DB826CB-A60D-4C0F-8626-CB45AC67844E}.ReleaseMT|ARM.Build.0 = Debug|x64
		{6DB826CB-A60D-4C0F-8626-CB45AC67844E}.ReleaseMT|x64.ActiveCfg = Debug|x64
		{6DB826CB-A60D-4C0F-8626-CB45AC67844E}.ReleaseMT|x64.Build.0 = Debug|x64
		{6DB826CB-A60D-4C0F-8626-CB45AC67844E}.ReleaseMT|x86.ActiveCfg = Debug|x64
		{6DB826CB-A60D-4C0F-8626-CB45AC67844E}.ReleaseMT|x86.Build.0 = Debug|x64
		{6DB826CB-A60D-4C0F-8626-CB45AC67844E}.ReleaseStatic|Any CPU.ActiveCfg = Debug|x64
		{6DB826CB-A60D-4C0F-8626-CB45AC67844E}.ReleaseStatic|Any CPU.Build.0 = Debug|x64
		{6DB826CB-A60D-4C0F-8626-CB45AC67844E}.ReleaseStatic|ARM.ActiveCfg = Debug|x64
		{6DB826CB-A60D-4C0F-8626-CB45AC67844E}.ReleaseStatic|ARM.Build.0 = Debug|x64
		{6DB826CB-A60D-4C0F-8626-CB45AC67844E}.ReleaseStatic|x64.ActiveCfg = Debug|x64
		{6DB826CB-A60D-4C0F-8626-CB45AC67844E}.ReleaseStatic|x64.Build.0 = Debug|x64
		{6DB826CB-A60D-4C0F-8626-CB45AC67844E}.ReleaseStatic|x86.ActiveCfg = Debug|x64
		{6DB826CB-A60D-4C0F-8626-CB45AC67844E}.ReleaseStatic|x86.Build.0 = Debug|x64
		{5D3FDED4-6F0B-4797-BDD8-43B4D9994A42}.Debug|Any CPU.ActiveCfg = Debug|x64
		{5D3FDED4-6F0B-4797-BDD8-43B4D9994A42}.Debug|ARM.ActiveCfg = Debug|x64
		{5D3FDED4-6F0B-4797-BDD8-43B4D9994A42}.Debug|x64.ActiveCfg = Debug|x64
		{5D3FDED4-6F0B-4797-BDD8-43B4D9994A42}.Debug|x64.Build.0 = Debug|x64
		{5D3FDED4-6F0B-4797-BDD8-43B4D9994A42}.Debug|x86.ActiveCfg = Debug|x64
		{5D3FDED4-6F0B-4797-BDD8-43B4D9994A42}.DebugMT|Any CPU.ActiveCfg = Release|x64
		{5D3FDED4-6F0B-4797-BDD8-43B4D9994A42}.DebugMT|Any CPU.Build.0 = Release|x64
		{5D3FDED4-6F0B-4797-BDD8-43B4D9994A42}.DebugMT|ARM.ActiveCfg = Release|x64
		{5D3FDED4-6F0B-4797-BDD8-43B4D9994A42}.DebugMT|ARM.Build.0 = Release|x64
		{5D3FDED4-6F0B-4797-BDD8-43B4D9994A42}.DebugMT|x64.ActiveCfg = Debug|x64
		{5D3FDED4-6F0B-4797-BDD8-43B4D9994A42}.DebugMT|x64.Build.0 = Debug|x64
		{5D3FDED4-6F0B-4797-BDD8-43B4D9994A42}.DebugMT|x86.ActiveCfg = Release|x64
		{5D3FDED4-6F0B-4797-BDD8-43B4D9994A42}.DebugMT|x86.Build.0 = Release|x64
		{5D3FDED4-6F0B-4797-BDD8-43B4D9994A42}.DebugStatic|Any CPU.ActiveCfg = Release|x64
		{5D3FDED4-6F0B-4797-BDD8-43B4D9994A42}.DebugStatic|Any CPU.Build.0 = Release|x64
		{5D3FDED4-6F0B-4797-BDD8-43B4D9994A42}.DebugStatic|ARM.ActiveCfg = Release|x64
		{5D3FDED4-6F0B-4797-BDD8-43B4D9994A42}.DebugStatic|ARM.Build.0 = Release|x64
		{5D3FDED4-6F0B-4797-BDD8-43B4D9994A42}.DebugStatic|x64.ActiveCfg = Debug|x64
		{5D3FDED4-6F0B-4797-BDD8-43B4D9994A42}.DebugStatic|x64.Build.0 = Debug|x64
		{5D3FDED4-6F0B-4797-BDD8-43B4D9994A42}.DebugStatic|x86.ActiveCfg = Release|x64
		{5D3FDED4-6F0B-4797-BDD8-43B4D9994A42}.DebugStatic|x86.Build.0 = Release|x64
		{5D3FDED4-6F0B-4797-BDD8-43B4D9994A42}.Release|Any CPU.ActiveCfg = Release|x64
		{5D3FDED4-6F0B-4797-BDD8-43B4D9994A42}.Release|ARM.ActiveCfg = Release|x64
		{5D3FDED4-6F0B-4797-BDD8-43B4D9994A42}.Release|x64.ActiveCfg = Release|x64
		{5D3FDED4-6F0B-4797-BDD8-43B4D9994A42}.Release|x64.Build.0 = Release|x64
		{5D3FDED4-6F0B-4797-BDD8-43B4D9994A42}.Release|x86.ActiveCfg = Release|x64
		{5D3FDED4-6F0B-4797-BDD8-43B4D9994A42}.ReleaseMT|Any CPU.ActiveCfg = Release|x64
		{5D3FDED4-6F0B-4797-BDD8-43B4D9994A42}.ReleaseMT|Any CPU.Build.0 = Release|x64
		{5D3FDED4-6F0B-4797-BDD8-43B4D9994A42}.ReleaseMT|ARM.ActiveCfg = Release|x64
		{5D3FDED4-6F0B-4797-BDD8-43B4D9994A42}.ReleaseMT|ARM.Build.0 = Release|x64
		{5D3FDED4-6F0B-4797-BDD8-43B4D9994A42}.ReleaseMT|x64.ActiveCfg = Release|x64
		{5D3FDED4-6F0B-4797-BDD8-43B4D9994A42}.ReleaseMT|x64.Build.0 = Release|x64
		{5D3FDED4-6F0B-4797-BDD8-43B4D9994A42}.ReleaseMT|x86.ActiveCfg = Release|x64
		{5D3FDED4-6F0B-4797-BDD8-43B4D9994A42}.ReleaseMT|x86.Build.0 = Release|x64
		{5D3FDED4-6F0B-4797-BDD8-43B4D9994A42}.ReleaseStatic|Any CPU.ActiveCfg = Release|x64
		{5D3FDED4-6F0B-4797-BDD8-43B4D9994A42}.ReleaseStatic|Any CPU.Build.0 = Release|x64
		{5D3FDED4-6F0B-4797-BDD8-43B4D9994A42}.ReleaseStatic|ARM.ActiveCfg = Release|x64
		{5D3FDED4-6F0B-4797-BDD8-43B4D9994A42}.ReleaseStatic|ARM.Build.0 = Release|x64
		{5D3FDED4-6F0B-4797-BDD8-43B4D9994A42}.ReleaseStatic|x64.ActiveCfg = Release|x64
		{5D3FDED4-6F0B-4797-BDD8-43B4D9994A42}.ReleaseStatic|x64.Build.0 = Release|x64
		{5D3FDED4-6F0B-4797-BDD8-43B4D9994A42}.ReleaseStatic|x86.ActiveCfg = Release|x64
		{5D3FDED4-6F0B-4797-BDD8-43B4D9994A42}.ReleaseStatic|x86.Build.0 = Release|x64
		{A11046A5-CC01-46C0-8BF2-833E6498DAE2}.Debug|Any CPU.ActiveCfg = Debug|x64
		{A11046A5-CC01-46C0-8BF2-833E6498DAE2}.Debug|ARM.ActiveCfg = Debug|x64
		{A11046A5-CC01-46C0-8BF2-833E6498DAE2}.Debug|x64.ActiveCfg = Debug|x64
		{A11046A5-CC01-46C0-8BF2-833E6498DAE2}.Debug|x64.Build.0 = Debug|x64
		{A11046A5-CC01-46C0-8BF2-833E6498DAE2}.Debug|x86.ActiveCfg = Debug|x64
		{A11046A5-CC01-46C0-8BF2-833E6498DAE2}.DebugMT|Any CPU.ActiveCfg = Release|x64
		{A11046A5-CC01-46C0-8BF2-833E6498DAE2}.DebugMT|Any CPU.Build.0 = Release|x64
		{A11046A5-CC01-46C0-8BF2-833E6498DAE2}.DebugMT|ARM.ActiveCfg = Release|x64
		{A11046A5-CC01-46C0-8BF2-833E6498DAE2}.DebugMT|ARM.Build.0 = Release|x64
		{A11046A5-CC01-46C0-8BF2-833E6498DAE2}.DebugMT|x64.ActiveCfg = Debug|x64
		{A11046A5-CC01-46C0-8BF2-833E6498DAE2}.DebugMT|x64.Build.0 = Debug|x64
		{A11046A5-CC01-46C0-8BF2-833E6498DAE2}.DebugMT|x86.ActiveCfg = Release|x64
		{A11046A5-CC01-46C0-8BF2-833E6498DAE2}.DebugMT|x86.Build.0 = Release|x64
		{A11046A5-CC01-46C0-8BF2-833E6498DAE2}.DebugStatic|Any CPU.ActiveCfg = Release|x64
		{A11046A5-CC01-46C0-8BF2-833E6498DAE2}.DebugStatic|Any CPU.Build.0 = Release|x64
		{A11046A5-CC01-46C0-8BF2-833E6498DAE2}.DebugStatic|ARM.ActiveCfg = Release|x64
		{A11046A5-CC01-46C0-8BF2-833E6498DAE2}.DebugStatic|ARM.Build.0 = Release|x64
		{A11046A5-CC01-46C0-8BF2-833E6498DAE2}.DebugStatic|x64.ActiveCfg = Debug|x64
		{A11046A5-CC01-46C0-8BF2-833E6498DAE2}.DebugStatic|x64.Build.0 = Debug|x64
		{A11046A5-CC01-46C0-8BF2-833E6498DAE2}.DebugStatic|x86.ActiveCfg = Release|x64
		{A11046A5-CC01-46C0-8BF2-833E6498DAE2}.DebugStatic|x86.Build.0 = Release|x64
		{A11046A5-CC01-46C0-8BF2-833E6498DAE2}.Release|Any CPU.ActiveCfg = Release|x64
		{A11046A5-CC01-46C0-8BF2-833E6498DAE2}.Release|ARM.ActiveCfg = Release|x64
		{A11046A5-CC01-46C0-8BF2-833E6498DAE2}.Release|x64.ActiveCfg = Release|x64
		{A11046A5-CC01-46C0-8BF2-833E6498DAE2}.Release|x64.Build.0 = Release|x64
		{A11046A5-CC01-46C0-8BF2-833E6498DAE2}.Release|x86.ActiveCfg = Release|x64
		{A11046A5-CC01-46C0-8BF2-833E6498DAE2}.ReleaseMT|Any CPU.ActiveCfg = Release|x64
		{A11046A5-CC01-46C0-8BF2-833E6498DAE2}.ReleaseMT|Any CPU.Build.0 = Release|x64
		{A11046A5-CC01-46C0-8BF2-833E6498DAE2}.ReleaseMT|ARM.ActiveCfg = Release|x64
		{A11046A5-CC01-46C0-8BF2-833E6498DAE2}.ReleaseMT|ARM.Build.0 = Release|x64
		{A11046A5-CC01-46C0-8BF2-833E6498DAE2}.ReleaseMT|x64.ActiveCfg = Release|x64
		{A11046A5-CC01-46C0-8BF2-833E6498DAE2}.ReleaseMT|x64.Build.0 = Release|x64
		{A11046A5-CC01-46C0-8BF2-833E6498DAE2}.ReleaseMT|x86.ActiveCfg = Release|x64
		{A11046A5-CC01-46C0-8BF2-833E6498DAE2}.ReleaseMT|x86.Build.0 = Release|x64
		{A11046A5-CC01-46C0-8BF2-833E6498DAE2}.ReleaseStatic|Any CPU.ActiveCfg = Release|x64
		{A11046A5-CC01-46C0-8BF2-833E6498DAE2}.ReleaseStatic|Any CPU.Build.0 = Release|x64
		{A11046A5-CC01-46C0-8BF2-833E6498DAE2}.ReleaseStatic|ARM.ActiveCfg = Release|x64
		{A11046A5-CC01-46C0-8BF2-833E6498DAE2}.ReleaseStatic|ARM.Build.0 = Release|x64
		{A11046A5-CC01-46C0-8BF2-833E6498DAE2}.ReleaseStatic|x64.ActiveCfg = Release|x64
		{A11046A5-CC01-46C0-8BF2-833E6498DAE2}.ReleaseStatic|x64.Build.0 = Release|x64
		{A11046A5-CC01-46C0-8BF2-833E6498DAE2}.ReleaseStatic|x86.ActiveCfg = Release|x64
		{A11046A5-CC01-46C0-8BF2-833E6498DAE2}.ReleaseStatic|x86.Build.0 = Release|x64
	EndGlobalSection
	GlobalSection(SolutionProperties) = preSolution
		HideSolutionNode = FALSE
	EndGlobalSection
	GlobalSection(ExtensibilityGlobals) = postSolution
		SolutionGuid = {3F4F42F0-0F64-4D7F-9C01-7918C9A0828F}
	EndGlobalSection
EndGlobal
