<?xml version="1.0" encoding="utf-8"?>
<Project ToolsVersion="4.0" xmlns="http://schemas.microsoft.com/developer/msbuild/2003">
  <ItemGroup>
    <Filter Include="Source Files">
      <UniqueIdentifier>{4FC737F1-C7A5-4376-A066-2A32D752A2FF}</UniqueIdentifier>
      <Extensions>cpp;c;cc;cxx;def;odl;idl;hpj;bat;asm;asmx</Extensions>
    </Filter>
    <Filter Include="Header Files">
      <UniqueIdentifier>{93995380-89BD-4b04-88EB-625FBE52EBFB}</UniqueIdentifier>
      <Extensions>h;hh;hpp;hxx;hm;inl;inc;xsd</Extensions>
    </Filter>
  </ItemGroup>
  <ItemGroup>
    <ClInclude Include="gsdk.h">
      <Filter>Header Files</Filter>
    </ClInclude>
    <ClInclude Include="gsdkLog.h">
      <Filter>Header Files</Filter>
    </ClInclude>
    <ClInclude Include="gsdkUtils.h">
      <Filter>Header Files</Filter>
    </ClInclude>
    <ClInclude Include="gsdkWindowsPch.h">
      <Filter>Header Files</Filter>
    </ClInclude>
    <ClInclude Include="gsdkCommonPch.h">
      <Filter>Header Files</Filter>
    </ClInclude>
    <ClInclude Include="gsdkInternal.h">
      <Filter>Header Files</Filter>
    </ClInclude>
    <ClInclude Include="ManualResetEvent.h">
      <Filter>Header Files</Filter>
    </ClInclude>
    <ClInclude Include="gsdkConfig.h">
      <Filter>Header Files</Filter>
    </ClInclude>
  </ItemGroup>
  <ItemGroup>
    <ClCompile Include="gsdk.cpp">
      <Filter>Source Files</Filter>
    </ClCompile>
    <ClCompile Include="gsdkLog.cpp">
      <Filter>Source Files</Filter>
    </ClCompile>
    <ClCompile Include="gsdkUtils.cpp">
      <Filter>Source Files</Filter>
    </ClCompile>
    <ClCompile Include="gsdkWindowsPch.cpp">
      <Filter>Source Files</Filter>
    </ClCompile>
    <ClCompile Include="ManualResetEvent.cpp">
      <Filter>Source Files</Filter>
    </ClCompile>
    <ClCompile Include="gsdkConfig.cpp">
      <Filter>Source Files</Filter>
    </ClCompile>
  </ItemGroup>
  <ItemGroup>
    <None Include="packages.config" />
    <None Include="gsdkSampleConfigWindows.json" />
    <None Include="Microsoft.Playfab.Gaming.GSDK.CPP.nuspec" />
    <None Include="Microsoft.Playfab.Gaming.GSDK.CPP.targets" />
  </ItemGroup>
</Project>