<?xml version="1.0" encoding="utf-8"?>
<Project ToolsVersion="4.0" xmlns="http://schemas.microsoft.com/developer/msbuild/2003">
  <ItemGroup>
    <ClCompile Include="gsdk.cpp">
      <Filter>Source Files</Filter>
    </ClCompile>
    <ClCompile Include="gsdkConfig.cpp">
      <Filter>Source Files</Filter>
    </ClCompile>
    <ClCompile Include="gsdkLog.cpp">
      <Filter>Source Files</Filter>
    </ClCompile>
    <ClCompile Include="gsdkUtils.cpp">
      <Filter>Source Files</Filter>
    </ClCompile>
    <ClCompile Include="ManualResetEvent.cpp">
      <Filter>Source Files</Filter>
    </ClCompile>
  </ItemGroup>
  <ItemGroup>
    <ClInclude Include="gsdk.h">
      <Filter>Header Files</Filter>
    </ClInclude>
    <ClInclude Include="gsdkCommonPch.h">
      <Filter>Header Files</Filter>
    </ClInclude>
    <ClInclude Include="gsdkConfig.h">
      <Filter>Header Files</Filter>
    </ClInclude>
    <ClInclude Include="gsdkInternal.h">
      <Filter>Header Files</Filter>
    </ClInclude>
    <ClInclude Include="gsdkLinuxPch.h">
      <Filter>Header Files</Filter>
    </ClInclude>
    <ClInclude Include="gsdkLog.h">
      <Filter>Header Files</Filter>
    </ClInclude>
    <ClInclude Include="gsdkUtils.h">
      <Filter>Header Files</Filter>
    </ClInclude>
    <ClInclude Include="ManualResetEvent.h">
      <Filter>Header Files</Filter>
    </ClInclude>
    <ClInclude Include="gsdkInfo.h">
      <Filter>Header Files</Filter>
    </ClInclude>
  </ItemGroup>
  <ItemGroup>
    <None Include="gsdkSampleConfigLinux.json" />
  </ItemGroup>
  <ItemGroup>
    <Filter Include="Source Files">
      <UniqueIdentifier>{c7401a51-d5db-44a8-9af8-ee206a68f2d7}</UniqueIdentifier>
    </Filter>
    <Filter Include="Header Files">
      <UniqueIdentifier>{84a82bea-d897-4f6e-b6f3-154bc61aac6f}</UniqueIdentifier>
    </Filter>
  </ItemGroup>
</Project>